
Microsoft Visual Studio Solution File, Format Version 12.00
# Visual Studio Version 17
VisualStudioVersion = 17.8.34330.188
MinimumVisualStudioVersion = 10.0.40219.1
Project("{FAE04EC0-301F-11D3-BF4B-00C04F79EFBC}") = "Livraria do Rafa", "Livraria do Rafa\Livraria do Rafa.csproj", "{D036D375-3C92-4D94-A44D-B91514CE7F57}"
EndProject
Global
	GlobalSection(SolutionConfigurationPlatforms) = preSolution
		Debug|Any CPU = Debug|Any CPU
		Release|Any CPU = Release|Any CPU
	EndGlobalSection
	GlobalSection(ProjectConfigurationPlatforms) = postSolution
		{D036D375-3C92-4D94-A44D-B91514CE7F57}.Debug|Any CPU.ActiveCfg = Debug|Any CPU
		{D036D375-3C92-4D94-A44D-B91514CE7F57}.Debug|Any CPU.Build.0 = Debug|Any CPU
		{D036D375-3C92-4D94-A44D-B91514CE7F57}.Release|Any CPU.ActiveCfg = Release|Any CPU
		{D036D375-3C92-4D94-A44D-B91514CE7F57}.Release|Any CPU.Build.0 = Release|Any CPU
	EndGlobalSection
	GlobalSection(SolutionProperties) = preSolution
		HideSolutionNode = FALSE
	EndGlobalSection
	GlobalSection(ExtensibilityGlobals) = postSolution
		SolutionGuid = {3C5A1676-C335-41BC-BAAE-65B9D4A58B01}
	EndGlobalSection
EndGlobal
